// !$*UTF8*$!
{
	archiveVersion = 1;
	classes = {
	};
	objectVersion = 55;
	objects = {

/* Begin PBXBuildFile section */
		994D35E72726651100C6692C /* AppDelegate.swift in Sources */ = {isa = PBXBuildFile; fileRef = 994D35E62726651100C6692C /* AppDelegate.swift */; };
		994D35E92726651100C6692C /* SceneDelegate.swift in Sources */ = {isa = PBXBuildFile; fileRef = 994D35E82726651100C6692C /* SceneDelegate.swift */; };
		994D35EB2726651100C6692C /* ViewController.swift in Sources */ = {isa = PBXBuildFile; fileRef = 994D35EA2726651100C6692C /* ViewController.swift */; };
		994D35EE2726651100C6692C /* Main.storyboard in Resources */ = {isa = PBXBuildFile; fileRef = 994D35EC2726651100C6692C /* Main.storyboard */; };
		994D35F02726651400C6692C /* Assets.xcassets in Resources */ = {isa = PBXBuildFile; fileRef = 994D35EF2726651400C6692C /* Assets.xcassets */; };
		994D35F32726651400C6692C /* LaunchScreen.storyboard in Resources */ = {isa = PBXBuildFile; fileRef = 994D35F12726651400C6692C /* LaunchScreen.storyboard */; };
		994D35FB2726676700C6692C /* GoogleService-Info.plist in Resources */ = {isa = PBXBuildFile; fileRef = 994D35FA2726676700C6692C /* GoogleService-Info.plist */; };
		A61C951A7A09A20506A65481 /* Pods_FB_Storage_Upload_image_Demo.framework in Frameworks */ = {isa = PBXBuildFile; fileRef = FAF169ED6160CB2A5123AC58 /* Pods_FB_Storage_Upload_image_Demo.framework */; };
/* End PBXBuildFile section */

/* Begin PBXFileReference section */
		615633B23BD2CD9B7E26BCC0 /* Pods-FB_Storage_Upload-image_Demo.debug.xcconfig */ = {isa = PBXFileReference; includeInIndex = 1; lastKnownFileType = text.xcconfig; name = "Pods-FB_Storage_Upload-image_Demo.debug.xcconfig"; path = "Target Support Files/Pods-FB_Storage_Upload-image_Demo/Pods-FB_Storage_Upload-image_Demo.debug.xcconfig"; sourceTree = "<group>"; };
		642FEE03BFD4D27E0418E72C /* Pods-FB_Storage_Upload-image_Demo.release.xcconfig */ = {isa = PBXFileReference; includeInIndex = 1; lastKnownFileType = text.xcconfig; name = "Pods-FB_Storage_Upload-image_Demo.release.xcconfig"; path = "Target Support Files/Pods-FB_Storage_Upload-image_Demo/Pods-FB_Storage_Upload-image_Demo.release.xcconfig"; sourceTree = "<group>"; };
		994D35E32726651100C6692C /* FB_Storage_Upload-image_Demo.app */ = {isa = PBXFileReference; explicitFileType = wrapper.application; includeInIndex = 0; path = "FB_Storage_Upload-image_Demo.app"; sourceTree = BUILT_PRODUCTS_DIR; };
		994D35E62726651100C6692C /* AppDelegate.swift */ = {isa = PBXFileReference; lastKnownFileType = sourcecode.swift; path = AppDelegate.swift; sourceTree = "<group>"; };
		994D35E82726651100C6692C /* SceneDelegate.swift */ = {isa = PBXFileReference; lastKnownFileType = sourcecode.swift; path = SceneDelegate.swift; sourceTree = "<group>"; };
		994D35EA2726651100C6692C /* ViewController.swift */ = {isa = PBXFileReference; lastKnownFileType = sourcecode.swift; path = ViewController.swift; sourceTree = "<group>"; };
		994D35ED2726651100C6692C /* Base */ = {isa = PBXFileReference; lastKnownFileType = file.storyboard; name = Base; path = Base.lproj/Main.storyboard; sourceTree = "<group>"; };
		994D35EF2726651400C6692C /* Assets.xcassets */ = {isa = PBXFileReference; lastKnownFileType = folder.assetcatalog; path = Assets.xcassets; sourceTree = "<group>"; };
		994D35F22726651400C6692C /* Base */ = {isa = PBXFileReference; lastKnownFileType = file.storyboard; name = Base; path = Base.lproj/LaunchScreen.storyboard; sourceTree = "<group>"; };
		994D35F42726651400C6692C /* Info.plist */ = {isa = PBXFileReference; lastKnownFileType = text.plist.xml; path = Info.plist; sourceTree = "<group>"; };
		994D35FA2726676700C6692C /* GoogleService-Info.plist */ = {isa = PBXFileReference; fileEncoding = 4; lastKnownFileType = text.plist.xml; name = "GoogleService-Info.plist"; path = "../../../../../../Users/junsugim/Downloads/GoogleService-Info.plist"; sourceTree = "<group>"; };
		FAF169ED6160CB2A5123AC58 /* Pods_FB_Storage_Upload_image_Demo.framework */ = {isa = PBXFileReference; explicitFileType = wrapper.framework; includeInIndex = 0; path = Pods_FB_Storage_Upload_image_Demo.framework; sourceTree = BUILT_PRODUCTS_DIR; };
/* End PBXFileReference section */

/* Begin PBXFrameworksBuildPhase section */
		994D35E02726651100C6692C /* Frameworks */ = {
			isa = PBXFrameworksBuildPhase;
			buildActionMask = 2147483647;
			files = (
				A61C951A7A09A20506A65481 /* Pods_FB_Storage_Upload_image_Demo.framework in Frameworks */,
			);
			runOnlyForDeploymentPostprocessing = 0;
		};
/* End PBXFrameworksBuildPhase section */

/* Begin PBXGroup section */
		6288627E8A42D8F8A4ED9BA6 /* Frameworks */ = {
			isa = PBXGroup;
			children = (
				FAF169ED6160CB2A5123AC58 /* Pods_FB_Storage_Upload_image_Demo.framework */,
			);
			name = Frameworks;
			sourceTree = "<group>";
		};
		994D35DA2726651100C6692C = {
			isa = PBXGroup;
			children = (
				994D35E52726651100C6692C /* FB_Storage_Upload-image_Demo */,
				994D35E42726651100C6692C /* Products */,
				F51BE91AA9648AA02557633C /* Pods */,
				6288627E8A42D8F8A4ED9BA6 /* Frameworks */,
			);
			sourceTree = "<group>";
		};
		994D35E42726651100C6692C /* Products */ = {
			isa = PBXGroup;
			children = (
				994D35E32726651100C6692C /* FB_Storage_Upload-image_Demo.app */,
			);
			name = Products;
			sourceTree = "<group>";
		};
		994D35E52726651100C6692C /* FB_Storage_Upload-image_Demo */ = {
			isa = PBXGroup;
			children = (
				994D35E62726651100C6692C /* AppDelegate.swift */,
				994D35E82726651100C6692C /* SceneDelegate.swift */,
				994D35EA2726651100C6692C /* ViewController.swift */,
				994D35EC2726651100C6692C /* Main.storyboard */,
				994D35EF2726651400C6692C /* Assets.xcassets */,
				994D35F12726651400C6692C /* LaunchScreen.storyboard */,
				994D35F42726651400C6692C /* Info.plist */,
				994D35FA2726676700C6692C /* GoogleService-Info.plist */,
			);
			path = "FB_Storage_Upload-image_Demo";
			sourceTree = "<group>";
		};
		F51BE91AA9648AA02557633C /* Pods */ = {
			isa = PBXGroup;
			children = (
				615633B23BD2CD9B7E26BCC0 /* Pods-FB_Storage_Upload-image_Demo.debug.xcconfig */,
				642FEE03BFD4D27E0418E72C /* Pods-FB_Storage_Upload-image_Demo.release.xcconfig */,
			);
			path = Pods;
			sourceTree = "<group>";
		};
/* End PBXGroup section */

/* Begin PBXNativeTarget section */
		994D35E22726651100C6692C /* FB_Storage_Upload-image_Demo */ = {
			isa = PBXNativeTarget;
			buildConfigurationList = 994D35F72726651400C6692C /* Build configuration list for PBXNativeTarget "FB_Storage_Upload-image_Demo" */;
			buildPhases = (
				40EC80413A9CA13E766B54B6 /* [CP] Check Pods Manifest.lock */,
				994D35DF2726651100C6692C /* Sources */,
				994D35E02726651100C6692C /* Frameworks */,
				994D35E12726651100C6692C /* Resources */,
				D6416F38F7CB2790EAB2394A /* [CP] Embed Pods Frameworks */,
			);
			buildRules = (
			);
			dependencies = (
			);
			name = "FB_Storage_Upload-image_Demo";
			productName = "FB_Storage_Upload-image_Demo";
			productReference = 994D35E32726651100C6692C /* FB_Storage_Upload-image_Demo.app */;
			productType = "com.apple.product-type.application";
		};
/* End PBXNativeTarget section */

/* Begin PBXProject section */
		994D35DB2726651100C6692C /* Project object */ = {
			isa = PBXProject;
			attributes = {
				BuildIndependentTargetsInParallel = 1;
				LastSwiftUpdateCheck = 1300;
				LastUpgradeCheck = 1300;
				TargetAttributes = {
					994D35E22726651100C6692C = {
						CreatedOnToolsVersion = 13.0;
					};
				};
			};
			buildConfigurationList = 994D35DE2726651100C6692C /* Build configuration list for PBXProject "FB_Storage_Upload-image_Demo" */;
			compatibilityVersion = "Xcode 13.0";
			developmentRegion = en;
			hasScannedForEncodings = 0;
			knownRegions = (
				en,
				Base,
			);
			mainGroup = 994D35DA2726651100C6692C;
			productRefGroup = 994D35E42726651100C6692C /* Products */;
			projectDirPath = "";
			projectRoot = "";
			targets = (
				994D35E22726651100C6692C /* FB_Storage_Upload-image_Demo */,
			);
		};
/* End PBXProject section */

/* Begin PBXResourcesBuildPhase section */
		994D35E12726651100C6692C /* Resources */ = {
			isa = PBXResourcesBuildPhase;
			buildActionMask = 2147483647;
			files = (
				994D35F32726651400C6692C /* LaunchScreen.storyboard in Resources */,
				994D35FB2726676700C6692C /* GoogleService-Info.plist in Resources */,
				994D35F02726651400C6692C /* Assets.xcassets in Resources */,
				994D35EE2726651100C6692C /* Main.storyboard in Resources */,
			);
			runOnlyForDeploymentPostprocessing = 0;
		};
/* End PBXResourcesBuildPhase section */

/* Begin PBXShellScriptBuildPhase section */
		40EC80413A9CA13E766B54B6 /* [CP] Check Pods Manifest.lock */ = {
			isa = PBXShellScriptBuildPhase;
			buildActionMask = 2147483647;
			files = (
			);
			inputFileListPaths = (
			);
			inputPaths = (
				"${PODS_PODFILE_DIR_PATH}/Podfile.lock",
				"${PODS_ROOT}/Manifest.lock",
			);
			name = "[CP] Check Pods Manifest.lock";
			outputFileListPaths = (
			);
			outputPaths = (
				"$(DERIVED_FILE_DIR)/Pods-FB_Storage_Upload-image_Demo-checkManifestLockResult.txt",
			);
			runOnlyForDeploymentPostprocessing = 0;
			shellPath = /bin/sh;
			shellScript = "diff \"${PODS_PODFILE_DIR_PATH}/Podfile.lock\" \"${PODS_ROOT}/Manifest.lock\" > /dev/null\nif [ $? != 0 ] ; then\n    # print error to STDERR\n    echo \"error: The sandbox is not in sync with the Podfile.lock. Run 'pod install' or update your CocoaPods installation.\" >&2\n    exit 1\nfi\n# This output is used by Xcode 'outputs' to avoid re-running this script phase.\necho \"SUCCESS\" > \"${SCRIPT_OUTPUT_FILE_0}\"\n";
			showEnvVarsInLog = 0;
		};
		D6416F38F7CB2790EAB2394A /* [CP] Embed Pods Frameworks */ = {
			isa = PBXShellScriptBuildPhase;
			buildActionMask = 2147483647;
			files = (
			);
			inputFileListPaths = (
				"${PODS_ROOT}/Target Support Files/Pods-FB_Storage_Upload-image_Demo/Pods-FB_Storage_Upload-image_Demo-frameworks-${CONFIGURATION}-input-files.xcfilelist",
			);
			name = "[CP] Embed Pods Frameworks";
			outputFileListPaths = (
				"${PODS_ROOT}/Target Support Files/Pods-FB_Storage_Upload-image_Demo/Pods-FB_Storage_Upload-image_Demo-frameworks-${CONFIGURATION}-output-files.xcfilelist",
			);
			runOnlyForDeploymentPostprocessing = 0;
			shellPath = /bin/sh;
			shellScript = "\"${PODS_ROOT}/Target Support Files/Pods-FB_Storage_Upload-image_Demo/Pods-FB_Storage_Upload-image_Demo-frameworks.sh\"\n";
			showEnvVarsInLog = 0;
		};
/* End PBXShellScriptBuildPhase section */

/* Begin PBXSourcesBuildPhase section */
		994D35DF2726651100C6692C /* Sources */ = {
			isa = PBXSourcesBuildPhase;
			buildActionMask = 2147483647;
			files = (
				994D35EB2726651100C6692C /* ViewController.swift in Sources */,
				994D35E72726651100C6692C /* AppDelegate.swift in Sources */,
				994D35E92726651100C6692C /* SceneDelegate.swift in Sources */,
			);
			runOnlyForDeploymentPostprocessing = 0;
		};
/* End PBXSourcesBuildPhase section */

/* Begin PBXVariantGroup section */
		994D35EC2726651100C6692C /* Main.storyboard */ = {
			isa = PBXVariantGroup;
			children = (
				994D35ED2726651100C6692C /* Base */,
			);
			name = Main.storyboard;
			sourceTree = "<group>";
		};
		994D35F12726651400C6692C /* LaunchScreen.storyboard */ = {
			isa = PBXVariantGroup;
			children = (
				994D35F22726651400C6692C /* Base */,
			);
			name = LaunchScreen.storyboard;
			sourceTree = "<group>";
		};
/* End PBXVariantGroup section */

/* Begin XCBuildConfiguration section */
		994D35F52726651400C6692C /* Debug */ = {
			isa = XCBuildConfiguration;
			buildSettings = {
				ALWAYS_SEARCH_USER_PATHS = NO;
				CLANG_ANALYZER_NONNULL = YES;
				CLANG_ANALYZER_NUMBER_OBJECT_CONVERSION = YES_AGGRESSIVE;
				CLANG_CXX_LANGUAGE_STANDARD = "gnu++17";
				CLANG_CXX_LIBRARY = "libc++";
				CLANG_ENABLE_MODULES = YES;
				CLANG_ENABLE_OBJC_ARC = YES;
				CLANG_ENABLE_OBJC_WEAK = YES;
				CLANG_WARN_BLOCK_CAPTURE_AUTORELEASING = YES;
				CLANG_WARN_BOOL_CONVERSION = YES;
				CLANG_WARN_COMMA = YES;
				CLANG_WARN_CONSTANT_CONVERSION = YES;
				CLANG_WARN_DEPRECATED_OBJC_IMPLEMENTATIONS = YES;
				CLANG_WARN_DIRECT_OBJC_ISA_USAGE = YES_ERROR;
				CLANG_WARN_DOCUMENTATION_COMMENTS = YES;
				CLANG_WARN_EMPTY_BODY = YES;
				CLANG_WARN_ENUM_CONVERSION = YES;
				CLANG_WARN_INFINITE_RECURSION = YES;
				CLANG_WARN_INT_CONVERSION = YES;
				CLANG_WARN_NON_LITERAL_NULL_CONVERSION = YES;
				CLANG_WARN_OBJC_IMPLICIT_RETAIN_SELF = YES;
				CLANG_WARN_OBJC_LITERAL_CONVERSION = YES;
				CLANG_WARN_OBJC_ROOT_CLASS = YES_ERROR;
				CLANG_WARN_QUOTED_INCLUDE_IN_FRAMEWORK_HEADER = YES;
				CLANG_WARN_RANGE_LOOP_ANALYSIS = YES;
				CLANG_WARN_STRICT_PROTOTYPES = YES;
				CLANG_WARN_SUSPICIOUS_MOVE = YES;
				CLANG_WARN_UNGUARDED_AVAILABILITY = YES_AGGRESSIVE;
				CLANG_WARN_UNREACHABLE_CODE = YES;
				CLANG_WARN__DUPLICATE_METHOD_MATCH = YES;
				COPY_PHASE_STRIP = NO;
				DEBUG_INFORMATION_FORMAT = dwarf;
				ENABLE_STRICT_OBJC_MSGSEND = YES;
				ENABLE_TESTABILITY = YES;
				GCC_C_LANGUAGE_STANDARD = gnu11;
				GCC_DYNAMIC_NO_PIC = NO;
				GCC_NO_COMMON_BLOCKS = YES;
				GCC_OPTIMIZATION_LEVEL = 0;
				GCC_PREPROCESSOR_DEFINITIONS = (
					"DEBUG=1",
					"$(inherited)",
				);
				GCC_WARN_64_TO_32_BIT_CONVERSION = YES;
				GCC_WARN_ABOUT_RETURN_TYPE = YES_ERROR;
				GCC_WARN_UNDECLARED_SELECTOR = YES;
				GCC_WARN_UNINITIALIZED_AUTOS = YES_AGGRESSIVE;
				GCC_WARN_UNUSED_FUNCTION = YES;
				GCC_WARN_UNUSED_VARIABLE = YES;
				IPHONEOS_DEPLOYMENT_TARGET = 15.0;
				MTL_ENABLE_DEBUG_INFO = INCLUDE_SOURCE;
				MTL_FAST_MATH = YES;
				ONLY_ACTIVE_ARCH = YES;
				SDKROOT = iphoneos;
				SWIFT_ACTIVE_COMPILATION_CONDITIONS = DEBUG;
				SWIFT_OPTIMIZATION_LEVEL = "-Onone";
			};
			name = Debug;
		};
		994D35F62726651400C6692C /* Release */ = {
			isa = XCBuildConfiguration;
			buildSettings = {
				ALWAYS_SEARCH_USER_PATHS = NO;
				CLANG_ANALYZER_NONNULL = YES;
				CLANG_ANALYZER_NUMBER_OBJECT_CONVERSION = YES_AGGRESSIVE;
				CLANG_CXX_LANGUAGE_STANDARD = "gnu++17";
				CLANG_CXX_LIBRARY = "libc++";
				CLANG_ENABLE_MODULES = YES;
				CLANG_ENABLE_OBJC_ARC = YES;
				CLANG_ENABLE_OBJC_WEAK = YES;
				CLANG_WARN_BLOCK_CAPTURE_AUTORELEASING = YES;
				CLANG_WARN_BOOL_CONVERSION = YES;
				CLANG_WARN_COMMA = YES;
				CLANG_WARN_CONSTANT_CONVERSION = YES;
				CLANG_WARN_DEPRECATED_OBJC_IMPLEMENTATIONS = YES;
				CLANG_WARN_DIRECT_OBJC_ISA_USAGE = YES_ERROR;
				CLANG_WARN_DOCUMENTATION_COMMENTS = YES;
				CLANG_WARN_EMPTY_BODY = YES;
				CLANG_WARN_ENUM_CONVERSION = YES;
				CLANG_WARN_INFINITE_RECURSION = YES;
				CLANG_WARN_INT_CONVERSION = YES;
				CLANG_WARN_NON_LITERAL_NULL_CONVERSION = YES;
				CLANG_WARN_OBJC_IMPLICIT_RETAIN_SELF = YES;
				CLANG_WARN_OBJC_LITERAL_CONVERSION = YES;
				CLANG_WARN_OBJC_ROOT_CLASS = YES_ERROR;
				CLANG_WARN_QUOTED_INCLUDE_IN_FRAMEWORK_HEADER = YES;
				CLANG_WARN_RANGE_LOOP_ANALYSIS = YES;
				CLANG_WARN_STRICT_PROTOTYPES = YES;
				CLANG_WARN_SUSPICIOUS_MOVE = YES;
				CLANG_WARN_UNGUARDED_AVAILABILITY = YES_AGGRESSIVE;
				CLANG_WARN_UNREACHABLE_CODE = YES;
				CLANG_WARN__DUPLICATE_METHOD_MATCH = YES;
				COPY_PHASE_STRIP = NO;
				DEBUG_INFORMATION_FORMAT = "dwarf-with-dsym";
				ENABLE_NS_ASSERTIONS = NO;
				ENABLE_STRICT_OBJC_MSGSEND = YES;
				GCC_C_LANGUAGE_STANDARD = gnu11;
				GCC_NO_COMMON_BLOCKS = YES;
				GCC_WARN_64_TO_32_BIT_CONVERSION = YES;
				GCC_WARN_ABOUT_RETURN_TYPE = YES_ERROR;
				GCC_WARN_UNDECLARED_SELECTOR = YES;
				GCC_WARN_UNINITIALIZED_AUTOS = YES_AGGRESSIVE;
				GCC_WARN_UNUSED_FUNCTION = YES;
				GCC_WARN_UNUSED_VARIABLE = YES;
				IPHONEOS_DEPLOYMENT_TARGET = 15.0;
				MTL_ENABLE_DEBUG_INFO = NO;
				MTL_FAST_MATH = YES;
				SDKROOT = iphoneos;
				SWIFT_COMPILATION_MODE = wholemodule;
				SWIFT_OPTIMIZATION_LEVEL = "-O";
				VALIDATE_PRODUCT = YES;
			};
			name = Release;
		};
		994D35F82726651400C6692C /* Debug */ = {
			isa = XCBuildConfiguration;
			baseConfigurationReference = 615633B23BD2CD9B7E26BCC0 /* Pods-FB_Storage_Upload-image_Demo.debug.xcconfig */;
			buildSettings = {
				ASSETCATALOG_COMPILER_APPICON_NAME = AppIcon;
				ASSETCATALOG_COMPILER_GLOBAL_ACCENT_COLOR_NAME = AccentColor;
				CODE_SIGN_STYLE = Automatic;
				CURRENT_PROJECT_VERSION = 1;
				DEVELOPMENT_TEAM = JXFMRW69P3;
				GENERATE_INFOPLIST_FILE = YES;
				INFOPLIST_FILE = "FB_Storage_Upload-image_Demo/Info.plist";
				INFOPLIST_KEY_UIApplicationSupportsIndirectInputEvents = YES;
				INFOPLIST_KEY_UILaunchStoryboardName = LaunchScreen;
				INFOPLIST_KEY_UIMainStoryboardFile = Main;
				INFOPLIST_KEY_UISupportedInterfaceOrientations_iPad = "UIInterfaceOrientationPortrait UIInterfaceOrientationPortraitUpsideDown UIInterfaceOrientationLandscapeLeft UIInterfaceOrientationLandscapeRight";
				INFOPLIST_KEY_UISupportedInterfaceOrientations_iPhone = "UIInterfaceOrientationPortrait UIInterfaceOrientationLandscapeLeft UIInterfaceOrientationLandscapeRight";
				LD_RUNPATH_SEARCH_PATHS = (
					"$(inherited)",
					"@executable_path/Frameworks",
				);
				MARKETING_VERSION = 1.0;
				PRODUCT_BUNDLE_IDENTIFIER = "iOSoo.FB-Storage-Upload-image-Demo";
				PRODUCT_NAME = "$(TARGET_NAME)";
				SWIFT_EMIT_LOC_STRINGS = YES;
				SWIFT_VERSION = 5.0;
				TARGETED_DEVICE_FAMILY = "1,2";
			};
			name = Debug;
		};
		994D35F92726651400C6692C /* Release */ = {
			isa = XCBuildConfiguration;
			baseConfigurationReference = 642FEE03BFD4D27E0418E72C /* Pods-FB_Storage_Upload-image_Demo.release.xcconfig */;
			buildSettings = {
				ASSETCATALOG_COMPILER_APPICON_NAME = AppIcon;
				ASSETCATALOG_COMPILER_GLOBAL_ACCENT_COLOR_NAME = AccentColor;
				CODE_SIGN_STYLE = Automatic;
				CURRENT_PROJECT_VERSION = 1;
				DEVELOPMENT_TEAM = JXFMRW69P3;
				GENERATE_INFOPLIST_FILE = YES;
				INFOPLIST_FILE = "FB_Storage_Upload-image_Demo/Info.plist";
				INFOPLIST_KEY_UIApplicationSupportsIndirectInputEvents = YES;
				INFOPLIST_KEY_UILaunchStoryboardName = LaunchScreen;
				INFOPLIST_KEY_UIMainStoryboardFile = Main;
				INFOPLIST_KEY_UISupportedInterfaceOrientations_iPad = "UIInterfaceOrientationPortrait UIInterfaceOrientationPortraitUpsideDown UIInterfaceOrientationLandscapeLeft UIInterfaceOrientationLandscapeRight";
				INFOPLIST_KEY_UISupportedInterfaceOrientations_iPhone = "UIInterfaceOrientationPortrait UIInterfaceOrientationLandscapeLeft UIInterfaceOrientationLandscapeRight";
				LD_RUNPATH_SEARCH_PATHS = (
					"$(inherited)",
					"@executable_path/Frameworks",
				);
				MARKETING_VERSION = 1.0;
				PRODUCT_BUNDLE_IDENTIFIER = "iOSoo.FB-Storage-Upload-image-Demo";
				PRODUCT_NAME = "$(TARGET_NAME)";
				SWIFT_EMIT_LOC_STRINGS = YES;
				SWIFT_VERSION = 5.0;
				TARGETED_DEVICE_FAMILY = "1,2";
			};
			name = Release;
		};
/* End XCBuildConfiguration section */

/* Begin XCConfigurationList section */
		994D35DE2726651100C6692C /* Build configuration list for PBXProject "FB_Storage_Upload-image_Demo" */ = {
			isa = XCConfigurationList;
			buildConfigurations = (
				994D35F52726651400C6692C /* Debug */,
				994D35F62726651400C6692C /* Release */,
			);
			defaultConfigurationIsVisible = 0;
			defaultConfigurationName = Release;
		};
		994D35F72726651400C6692C /* Build configuration list for PBXNativeTarget "FB_Storage_Upload-image_Demo" */ = {
			isa = XCConfigurationList;
			buildConfigurations = (
				994D35F82726651400C6692C /* Debug */,
				994D35F92726651400C6692C /* Release */,
			);
			defaultConfigurationIsVisible = 0;
			defaultConfigurationName = Release;
		};
/* End XCConfigurationList section */
	};
	rootObject = 994D35DB2726651100C6692C /* Project object */;
}
